
Microsoft Visual Studio Solution File, Format Version 12.00
# Visual Studio 14
VisualStudioVersion = 14.0.23107.0
MinimumVisualStudioVersion = 10.0.40219.1
Project("{FAE04EC0-301F-11D3-BF4B-00C04F79EFBC}") = "WebApi_Conductor_Desafio_Clientes", "WebApi_Conductor_Desafio_Clientes\WebApi_Conductor_Desafio_Clientes.csproj", "{5C4C4EBB-5F97-4F79-97C1-3866941F68FD}"
EndProject
Project("{FAE04EC0-301F-11D3-BF4B-00C04F79EFBC}") = "WebApi_Conductor_Desafio_Clientes.Tests", "WebApi_Conductor_Desafio_Clientes.Tests\WebApi_Conductor_Desafio_Clientes.Tests.csproj", "{D3E85971-AF21-423D-9BE1-3669CC807708}"
EndProject
Global
	GlobalSection(SolutionConfigurationPlatforms) = preSolution
		Debug|Any CPU = Debug|Any CPU
		Release|Any CPU = Release|Any CPU
	EndGlobalSection
	GlobalSection(ProjectConfigurationPlatforms) = postSolution
		{5C4C4EBB-5F97-4F79-97C1-3866941F68FD}.Debug|Any CPU.ActiveCfg = Debug|Any CPU
		{5C4C4EBB-5F97-4F79-97C1-3866941F68FD}.Debug|Any CPU.Build.0 = Debug|Any CPU
		{5C4C4EBB-5F97-4F79-97C1-3866941F68FD}.Release|Any CPU.ActiveCfg = Release|Any CPU
		{5C4C4EBB-5F97-4F79-97C1-3866941F68FD}.Release|Any CPU.Build.0 = Release|Any CPU
		{D3E85971-AF21-423D-9BE1-3669CC807708}.Debug|Any CPU.ActiveCfg = Debug|Any CPU
		{D3E85971-AF21-423D-9BE1-3669CC807708}.Debug|Any CPU.Build.0 = Debug|Any CPU
		{D3E85971-AF21-423D-9BE1-3669CC807708}.Release|Any CPU.ActiveCfg = Release|Any CPU
		{D3E85971-AF21-423D-9BE1-3669CC807708}.Release|Any CPU.Build.0 = Release|Any CPU
	EndGlobalSection
	GlobalSection(SolutionProperties) = preSolution
		HideSolutionNode = FALSE
	EndGlobalSection
EndGlobal
